
Microsoft Visual Studio Solution File, Format Version 12.00
# Visual Studio 2012
Project("{FAE04EC0-301F-11D3-BF4B-00C04F79EFBC}") = "SingeResponsibility", "Source\SingeResponsibility\SingeResponsibility.csproj", "{43CA989C-1D3B-42A2-B4BA-E19463013D1F}"
EndProject
Project("{FAE04EC0-301F-11D3-BF4B-00C04F79EFBC}") = "OpenClosure", "OpenClosure\OpenClosure.csproj", "{4BCB8DFD-1001-4ABF-B2E9-436EFAD013E0}"
EndProject
Global
	GlobalSection(SolutionConfigurationPlatforms) = preSolution
		Debug|Any CPU = Debug|Any CPU
		Release|Any CPU = Release|Any CPU
	EndGlobalSection
	GlobalSection(ProjectConfigurationPlatforms) = postSolution
		{43CA989C-1D3B-42A2-B4BA-E19463013D1F}.Debug|Any CPU.ActiveCfg = Debug|Any CPU
		{43CA989C-1D3B-42A2-B4BA-E19463013D1F}.Debug|Any CPU.Build.0 = Debug|Any CPU
		{43CA989C-1D3B-42A2-B4BA-E19463013D1F}.Release|Any CPU.ActiveCfg = Release|Any CPU
		{43CA989C-1D3B-42A2-B4BA-E19463013D1F}.Release|Any CPU.Build.0 = Release|Any CPU
		{4BCB8DFD-1001-4ABF-B2E9-436EFAD013E0}.Debug|Any CPU.ActiveCfg = Debug|Any CPU
		{4BCB8DFD-1001-4ABF-B2E9-436EFAD013E0}.Debug|Any CPU.Build.0 = Debug|Any CPU
		{4BCB8DFD-1001-4ABF-B2E9-436EFAD013E0}.Release|Any CPU.ActiveCfg = Release|Any CPU
		{4BCB8DFD-1001-4ABF-B2E9-436EFAD013E0}.Release|Any CPU.Build.0 = Release|Any CPU
	EndGlobalSection
	GlobalSection(SolutionProperties) = preSolution
		HideSolutionNode = FALSE
	EndGlobalSection
EndGlobal
