
Microsoft Visual Studio Solution File, Format Version 12.00
# Visual Studio 2012
Project("{FAE04EC0-301F-11D3-BF4B-00C04F79EFBC}") = "SingeResponsibility", "Source\SingeResponsibility\SingeResponsibility.csproj", "{43CA989C-1D3B-42A2-B4BA-E19463013D1F}"
EndProject
Project("{FAE04EC0-301F-11D3-BF4B-00C04F79EFBC}") = "Liskov", "Source\Liskov\Liskov.csproj", "{230D73E7-A03F-40E6-943D-29ED0CE14BA0}"
EndProject
Project("{FAE04EC0-301F-11D3-BF4B-00C04F79EFBC}") = "OpenClosure", "Source\OpenClosure\OpenClosure.csproj", "{4BCB8DFD-1001-4ABF-B2E9-436EFAD013E0}"
EndProject
Project("{FAE04EC0-301F-11D3-BF4B-00C04F79EFBC}") = "InterfaceSegregation", "Source\InterfaceSegregation\InterfaceSegregation.csproj", "{71E09284-882F-420A-80CA-E3DFC427B63B}"
EndProject
Project("{FAE04EC0-301F-11D3-BF4B-00C04F79EFBC}") = "DependencyInversion", "Source\DependencyInversion\DependencyInversion.csproj", "{663D2782-AF30-4E5B-9962-2F1475E9563D}"
EndProject
Global
	GlobalSection(SolutionConfigurationPlatforms) = preSolution
		Debug|Any CPU = Debug|Any CPU
		Release|Any CPU = Release|Any CPU
	EndGlobalSection
	GlobalSection(ProjectConfigurationPlatforms) = postSolution
		{43CA989C-1D3B-42A2-B4BA-E19463013D1F}.Debug|Any CPU.ActiveCfg = Debug|Any CPU
		{43CA989C-1D3B-42A2-B4BA-E19463013D1F}.Debug|Any CPU.Build.0 = Debug|Any CPU
		{43CA989C-1D3B-42A2-B4BA-E19463013D1F}.Release|Any CPU.ActiveCfg = Release|Any CPU
		{43CA989C-1D3B-42A2-B4BA-E19463013D1F}.Release|Any CPU.Build.0 = Release|Any CPU
		{230D73E7-A03F-40E6-943D-29ED0CE14BA0}.Debug|Any CPU.ActiveCfg = Debug|Any CPU
		{230D73E7-A03F-40E6-943D-29ED0CE14BA0}.Debug|Any CPU.Build.0 = Debug|Any CPU
		{230D73E7-A03F-40E6-943D-29ED0CE14BA0}.Release|Any CPU.ActiveCfg = Release|Any CPU
		{230D73E7-A03F-40E6-943D-29ED0CE14BA0}.Release|Any CPU.Build.0 = Release|Any CPU
		{4BCB8DFD-1001-4ABF-B2E9-436EFAD013E0}.Debug|Any CPU.ActiveCfg = Debug|Any CPU
		{4BCB8DFD-1001-4ABF-B2E9-436EFAD013E0}.Debug|Any CPU.Build.0 = Debug|Any CPU
		{4BCB8DFD-1001-4ABF-B2E9-436EFAD013E0}.Release|Any CPU.ActiveCfg = Release|Any CPU
		{4BCB8DFD-1001-4ABF-B2E9-436EFAD013E0}.Release|Any CPU.Build.0 = Release|Any CPU
		{71E09284-882F-420A-80CA-E3DFC427B63B}.Debug|Any CPU.ActiveCfg = Debug|Any CPU
		{71E09284-882F-420A-80CA-E3DFC427B63B}.Debug|Any CPU.Build.0 = Debug|Any CPU
		{71E09284-882F-420A-80CA-E3DFC427B63B}.Release|Any CPU.ActiveCfg = Release|Any CPU
		{71E09284-882F-420A-80CA-E3DFC427B63B}.Release|Any CPU.Build.0 = Release|Any CPU
		{663D2782-AF30-4E5B-9962-2F1475E9563D}.Debug|Any CPU.ActiveCfg = Debug|Any CPU
		{663D2782-AF30-4E5B-9962-2F1475E9563D}.Debug|Any CPU.Build.0 = Debug|Any CPU
		{663D2782-AF30-4E5B-9962-2F1475E9563D}.Release|Any CPU.ActiveCfg = Release|Any CPU
		{663D2782-AF30-4E5B-9962-2F1475E9563D}.Release|Any CPU.Build.0 = Release|Any CPU
	EndGlobalSection
	GlobalSection(SolutionProperties) = preSolution
		HideSolutionNode = FALSE
	EndGlobalSection
EndGlobal
