
Microsoft Visual Studio Solution File, Format Version 12.00
# Visual Studio 15
VisualStudioVersion = 15.0.26228.9
MinimumVisualStudioVersion = 10.0.40219.1
Project("{FAE04EC0-301F-11D3-BF4B-00C04F79EFBC}") = "emitter", "emitter\emitter.csproj", "{3714EE41-E133-478A-B4C6-7D4B0EC196F5}"
EndProject
Project("{FAE04EC0-301F-11D3-BF4B-00C04F79EFBC}") = "reciever", "reciever\reciever.csproj", "{DDE69B99-5034-43B7-97DC-1F5E653C9F17}"
EndProject
Global
	GlobalSection(SolutionConfigurationPlatforms) = preSolution
		Debug|Any CPU = Debug|Any CPU
		Release|Any CPU = Release|Any CPU
	EndGlobalSection
	GlobalSection(ProjectConfigurationPlatforms) = postSolution
		{3714EE41-E133-478A-B4C6-7D4B0EC196F5}.Debug|Any CPU.ActiveCfg = Debug|Any CPU
		{3714EE41-E133-478A-B4C6-7D4B0EC196F5}.Debug|Any CPU.Build.0 = Debug|Any CPU
		{3714EE41-E133-478A-B4C6-7D4B0EC196F5}.Release|Any CPU.ActiveCfg = Release|Any CPU
		{3714EE41-E133-478A-B4C6-7D4B0EC196F5}.Release|Any CPU.Build.0 = Release|Any CPU
		{DDE69B99-5034-43B7-97DC-1F5E653C9F17}.Debug|Any CPU.ActiveCfg = Debug|Any CPU
		{DDE69B99-5034-43B7-97DC-1F5E653C9F17}.Debug|Any CPU.Build.0 = Debug|Any CPU
		{DDE69B99-5034-43B7-97DC-1F5E653C9F17}.Release|Any CPU.ActiveCfg = Release|Any CPU
		{DDE69B99-5034-43B7-97DC-1F5E653C9F17}.Release|Any CPU.Build.0 = Release|Any CPU
	EndGlobalSection
	GlobalSection(SolutionProperties) = preSolution
		HideSolutionNode = FALSE
	EndGlobalSection
EndGlobal
