
Microsoft Visual Studio Solution File, Format Version 12.00
# Visual Studio 2012
Project("{FAE04EC0-301F-11D3-BF4B-00C04F79EFBC}") = "AttikaConsoleHost", "Source\AttikaConsoleHost\AttikaConsoleHost.csproj", "{B064B72F-FD3E-4A39-A53E-FC54CAA83697}"
EndProject
Project("{FAE04EC0-301F-11D3-BF4B-00C04F79EFBC}") = "AttikaGui", "Source\AttikaGui\AttikaGui.csproj", "{AAAB19FA-5275-40F1-9958-E2298DF602EE}"
EndProject
Project("{FAE04EC0-301F-11D3-BF4B-00C04F79EFBC}") = "AttikaDomain", "Source\AttikaDomain\AttikaDomain.csproj", "{E6E5D1B0-19A0-49CF-93C7-B9A88D05A4E9}"
EndProject
Project("{FAE04EC0-301F-11D3-BF4B-00C04F79EFBC}") = "AttikaInfrastructure", "Source\AttikaInfrastructure\AttikaInfrastructure.csproj", "{C3B8CCFA-086D-4245-840C-863D269E4DBD}"
EndProject
Project("{FAE04EC0-301F-11D3-BF4B-00C04F79EFBC}") = "AttikaDomainTests", "Source\AttikaDomainTests\AttikaDomainTests.csproj", "{3D902CE8-F5B8-4687-A041-FCC91BB0C856}"
EndProject
Project("{FAE04EC0-301F-11D3-BF4B-00C04F79EFBC}") = "AttikaSpecs", "Source\AttikaSpecs\AttikaSpecs.csproj", "{F66C78EA-D222-453C-B8E2-7C9D5E0009B4}"
EndProject
Project("{2150E333-8FDC-42A3-9474-1A3956D46DE8}") = "Tests", "Tests", "{A6790EF5-2688-4E54-9F2A-A3819F084C65}"
EndProject
Project("{FAE04EC0-301F-11D3-BF4B-00C04F79EFBC}") = "AttikaContracts", "Source\AttikaContracts\AttikaContracts.csproj", "{96124A75-2AC7-4F89-9B21-0DCFB0A1ADF3}"
EndProject
Global
	GlobalSection(SolutionConfigurationPlatforms) = preSolution
		Debug|Any CPU = Debug|Any CPU
		Release|Any CPU = Release|Any CPU
	EndGlobalSection
	GlobalSection(ProjectConfigurationPlatforms) = postSolution
		{B064B72F-FD3E-4A39-A53E-FC54CAA83697}.Debug|Any CPU.ActiveCfg = Debug|Any CPU
		{B064B72F-FD3E-4A39-A53E-FC54CAA83697}.Debug|Any CPU.Build.0 = Debug|Any CPU
		{B064B72F-FD3E-4A39-A53E-FC54CAA83697}.Release|Any CPU.ActiveCfg = Release|Any CPU
		{B064B72F-FD3E-4A39-A53E-FC54CAA83697}.Release|Any CPU.Build.0 = Release|Any CPU
		{AAAB19FA-5275-40F1-9958-E2298DF602EE}.Debug|Any CPU.ActiveCfg = Debug|Any CPU
		{AAAB19FA-5275-40F1-9958-E2298DF602EE}.Debug|Any CPU.Build.0 = Debug|Any CPU
		{AAAB19FA-5275-40F1-9958-E2298DF602EE}.Release|Any CPU.ActiveCfg = Release|Any CPU
		{AAAB19FA-5275-40F1-9958-E2298DF602EE}.Release|Any CPU.Build.0 = Release|Any CPU
		{E6E5D1B0-19A0-49CF-93C7-B9A88D05A4E9}.Debug|Any CPU.ActiveCfg = Debug|Any CPU
		{E6E5D1B0-19A0-49CF-93C7-B9A88D05A4E9}.Debug|Any CPU.Build.0 = Debug|Any CPU
		{E6E5D1B0-19A0-49CF-93C7-B9A88D05A4E9}.Release|Any CPU.ActiveCfg = Release|Any CPU
		{E6E5D1B0-19A0-49CF-93C7-B9A88D05A4E9}.Release|Any CPU.Build.0 = Release|Any CPU
		{C3B8CCFA-086D-4245-840C-863D269E4DBD}.Debug|Any CPU.ActiveCfg = Debug|Any CPU
		{C3B8CCFA-086D-4245-840C-863D269E4DBD}.Debug|Any CPU.Build.0 = Debug|Any CPU
		{C3B8CCFA-086D-4245-840C-863D269E4DBD}.Release|Any CPU.ActiveCfg = Release|Any CPU
		{C3B8CCFA-086D-4245-840C-863D269E4DBD}.Release|Any CPU.Build.0 = Release|Any CPU
		{3D902CE8-F5B8-4687-A041-FCC91BB0C856}.Debug|Any CPU.ActiveCfg = Debug|Any CPU
		{3D902CE8-F5B8-4687-A041-FCC91BB0C856}.Debug|Any CPU.Build.0 = Debug|Any CPU
		{3D902CE8-F5B8-4687-A041-FCC91BB0C856}.Release|Any CPU.ActiveCfg = Release|Any CPU
		{3D902CE8-F5B8-4687-A041-FCC91BB0C856}.Release|Any CPU.Build.0 = Release|Any CPU
		{F66C78EA-D222-453C-B8E2-7C9D5E0009B4}.Debug|Any CPU.ActiveCfg = Debug|Any CPU
		{F66C78EA-D222-453C-B8E2-7C9D5E0009B4}.Debug|Any CPU.Build.0 = Debug|Any CPU
		{F66C78EA-D222-453C-B8E2-7C9D5E0009B4}.Release|Any CPU.ActiveCfg = Release|Any CPU
		{F66C78EA-D222-453C-B8E2-7C9D5E0009B4}.Release|Any CPU.Build.0 = Release|Any CPU
		{96124A75-2AC7-4F89-9B21-0DCFB0A1ADF3}.Debug|Any CPU.ActiveCfg = Debug|Any CPU
		{96124A75-2AC7-4F89-9B21-0DCFB0A1ADF3}.Debug|Any CPU.Build.0 = Debug|Any CPU
		{96124A75-2AC7-4F89-9B21-0DCFB0A1ADF3}.Release|Any CPU.ActiveCfg = Release|Any CPU
		{96124A75-2AC7-4F89-9B21-0DCFB0A1ADF3}.Release|Any CPU.Build.0 = Release|Any CPU
	EndGlobalSection
	GlobalSection(SolutionProperties) = preSolution
		HideSolutionNode = FALSE
	EndGlobalSection
	GlobalSection(NestedProjects) = preSolution
		{F66C78EA-D222-453C-B8E2-7C9D5E0009B4} = {A6790EF5-2688-4E54-9F2A-A3819F084C65}
		{3D902CE8-F5B8-4687-A041-FCC91BB0C856} = {A6790EF5-2688-4E54-9F2A-A3819F084C65}
	EndGlobalSection
EndGlobal
