
Microsoft Visual Studio Solution File, Format Version 12.00
# Visual Studio 2012
Project("{FAE04EC0-301F-11D3-BF4B-00C04F79EFBC}") = "AbstractFactory", "Source\AbstractFactory\AbstractFactory.csproj", "{0E6CFAB9-F1D3-4A0D-B453-F631FDA34A22}"
EndProject
Project("{FAE04EC0-301F-11D3-BF4B-00C04F79EFBC}") = "Builder", "Source\Builder\Builder.csproj", "{483F7D88-EF38-445E-9DB4-B3451CB33406}"
EndProject
Project("{FAE04EC0-301F-11D3-BF4B-00C04F79EFBC}") = "FactoryMethod", "Source\FactoryMethod\FactoryMethod.csproj", "{27C916E5-FFA8-449E-88F8-1F4D9FE2A82B}"
EndProject
Project("{FAE04EC0-301F-11D3-BF4B-00C04F79EFBC}") = "Prototype", "Source\Prototype\Prototype.csproj", "{EC19BC34-BEFF-4D36-81CD-98DFB97D2EA7}"
EndProject
Project("{FAE04EC0-301F-11D3-BF4B-00C04F79EFBC}") = "Singleton", "Source\Singleton\Singleton.csproj", "{A51184F1-2B97-464C-A05C-925362A6F35D}"
EndProject
Project("{FAE04EC0-301F-11D3-BF4B-00C04F79EFBC}") = "Adapter", "Source\Adapter\Adapter.csproj", "{34CE1E13-B6E0-42AB-8BAE-22080E43B68E}"
EndProject
Global
	GlobalSection(SolutionConfigurationPlatforms) = preSolution
		Debug|Any CPU = Debug|Any CPU
		Release|Any CPU = Release|Any CPU
	EndGlobalSection
	GlobalSection(ProjectConfigurationPlatforms) = postSolution
		{0E6CFAB9-F1D3-4A0D-B453-F631FDA34A22}.Debug|Any CPU.ActiveCfg = Debug|Any CPU
		{0E6CFAB9-F1D3-4A0D-B453-F631FDA34A22}.Debug|Any CPU.Build.0 = Debug|Any CPU
		{0E6CFAB9-F1D3-4A0D-B453-F631FDA34A22}.Release|Any CPU.ActiveCfg = Release|Any CPU
		{0E6CFAB9-F1D3-4A0D-B453-F631FDA34A22}.Release|Any CPU.Build.0 = Release|Any CPU
		{483F7D88-EF38-445E-9DB4-B3451CB33406}.Debug|Any CPU.ActiveCfg = Debug|Any CPU
		{483F7D88-EF38-445E-9DB4-B3451CB33406}.Debug|Any CPU.Build.0 = Debug|Any CPU
		{483F7D88-EF38-445E-9DB4-B3451CB33406}.Release|Any CPU.ActiveCfg = Release|Any CPU
		{483F7D88-EF38-445E-9DB4-B3451CB33406}.Release|Any CPU.Build.0 = Release|Any CPU
		{27C916E5-FFA8-449E-88F8-1F4D9FE2A82B}.Debug|Any CPU.ActiveCfg = Debug|Any CPU
		{27C916E5-FFA8-449E-88F8-1F4D9FE2A82B}.Debug|Any CPU.Build.0 = Debug|Any CPU
		{27C916E5-FFA8-449E-88F8-1F4D9FE2A82B}.Release|Any CPU.ActiveCfg = Release|Any CPU
		{27C916E5-FFA8-449E-88F8-1F4D9FE2A82B}.Release|Any CPU.Build.0 = Release|Any CPU
		{EC19BC34-BEFF-4D36-81CD-98DFB97D2EA7}.Debug|Any CPU.ActiveCfg = Debug|Any CPU
		{EC19BC34-BEFF-4D36-81CD-98DFB97D2EA7}.Debug|Any CPU.Build.0 = Debug|Any CPU
		{EC19BC34-BEFF-4D36-81CD-98DFB97D2EA7}.Release|Any CPU.ActiveCfg = Release|Any CPU
		{EC19BC34-BEFF-4D36-81CD-98DFB97D2EA7}.Release|Any CPU.Build.0 = Release|Any CPU
		{A51184F1-2B97-464C-A05C-925362A6F35D}.Debug|Any CPU.ActiveCfg = Debug|Any CPU
		{A51184F1-2B97-464C-A05C-925362A6F35D}.Debug|Any CPU.Build.0 = Debug|Any CPU
		{A51184F1-2B97-464C-A05C-925362A6F35D}.Release|Any CPU.ActiveCfg = Release|Any CPU
		{A51184F1-2B97-464C-A05C-925362A6F35D}.Release|Any CPU.Build.0 = Release|Any CPU
		{34CE1E13-B6E0-42AB-8BAE-22080E43B68E}.Debug|Any CPU.ActiveCfg = Debug|Any CPU
		{34CE1E13-B6E0-42AB-8BAE-22080E43B68E}.Debug|Any CPU.Build.0 = Debug|Any CPU
		{34CE1E13-B6E0-42AB-8BAE-22080E43B68E}.Release|Any CPU.ActiveCfg = Release|Any CPU
		{34CE1E13-B6E0-42AB-8BAE-22080E43B68E}.Release|Any CPU.Build.0 = Release|Any CPU
	EndGlobalSection
	GlobalSection(SolutionProperties) = preSolution
		HideSolutionNode = FALSE
	EndGlobalSection
EndGlobal
