
Microsoft Visual Studio Solution File, Format Version 12.00
# Visual Studio 2012
Project("{FAE04EC0-301F-11D3-BF4B-00C04F79EFBC}") = "AbstractFactory", "Source\AbstractFactory\AbstractFactory.csproj", "{0E6CFAB9-F1D3-4A0D-B453-F631FDA34A22}"
EndProject
Project("{FAE04EC0-301F-11D3-BF4B-00C04F79EFBC}") = "Builder", "Source\Builder\Builder.csproj", "{483F7D88-EF38-445E-9DB4-B3451CB33406}"
EndProject
Project("{FAE04EC0-301F-11D3-BF4B-00C04F79EFBC}") = "FactoryMethod", "Source\FactoryMethod\FactoryMethod.csproj", "{27C916E5-FFA8-449E-88F8-1F4D9FE2A82B}"
EndProject
Project("{FAE04EC0-301F-11D3-BF4B-00C04F79EFBC}") = "Prototype", "Source\Prototype\Prototype.csproj", "{EC19BC34-BEFF-4D36-81CD-98DFB97D2EA7}"
EndProject
Project("{FAE04EC0-301F-11D3-BF4B-00C04F79EFBC}") = "Singleton", "Source\Singleton\Singleton.csproj", "{A51184F1-2B97-464C-A05C-925362A6F35D}"
EndProject
Project("{FAE04EC0-301F-11D3-BF4B-00C04F79EFBC}") = "Adapter", "Source\Adapter\Adapter.csproj", "{34CE1E13-B6E0-42AB-8BAE-22080E43B68E}"
EndProject
Project("{FAE04EC0-301F-11D3-BF4B-00C04F79EFBC}") = "Bridge", "Source\Bridge\Bridge.csproj", "{5566C465-6C3C-4FB9-97FA-5C6A4B4F40F7}"
EndProject
Project("{FAE04EC0-301F-11D3-BF4B-00C04F79EFBC}") = "Composite", "Source\Composite\Composite.csproj", "{62310CEE-30BF-4DFA-B937-D11E3593C065}"
EndProject
Project("{FAE04EC0-301F-11D3-BF4B-00C04F79EFBC}") = "Decorator", "Source\Decorator\Decorator.csproj", "{9A962F29-4B3D-4CBE-8774-EAF28FEE8F8B}"
EndProject
Project("{FAE04EC0-301F-11D3-BF4B-00C04F79EFBC}") = "Facade", "Source\Facade\Facade.csproj", "{22F495D3-5E65-4BEB-88EA-4A115E4BDA2C}"
EndProject
Project("{FAE04EC0-301F-11D3-BF4B-00C04F79EFBC}") = "FlyWeight", "Source\FlyWeight\FlyWeight.csproj", "{5810F855-949A-4D59-AE8F-6FE2A304B9EB}"
EndProject
Project("{FAE04EC0-301F-11D3-BF4B-00C04F79EFBC}") = "Proxy", "Source\Proxy\Proxy.csproj", "{5BD4FFFC-BF44-4BC7-BD7D-FE76DC106750}"
EndProject
Project("{FAE04EC0-301F-11D3-BF4B-00C04F79EFBC}") = "ChainOfResponsibility", "Source\ChainOfResponsibility\ChainOfResponsibility.csproj", "{78027BD3-6ED3-4F31-B321-579BD65CC6AC}"
EndProject
Project("{2150E333-8FDC-42A3-9474-1A3956D46DE8}") = "Порождающие", "Порождающие", "{A57E5E59-3AB7-4D53-A449-D0FC9205CA29}"
EndProject
Project("{2150E333-8FDC-42A3-9474-1A3956D46DE8}") = "Структурные", "Структурные", "{9312AA03-017F-4D66-B94A-EB7995D21640}"
EndProject
Project("{2150E333-8FDC-42A3-9474-1A3956D46DE8}") = "Поведенческие", "Поведенческие", "{E24047C5-8234-46FC-8ADE-C24708320878}"
EndProject
Project("{FAE04EC0-301F-11D3-BF4B-00C04F79EFBC}") = "Command", "Source\Command\Command.csproj", "{FAD1B528-61C8-4321-8202-9EE8E4D6CA7F}"
EndProject
Global
	GlobalSection(SolutionConfigurationPlatforms) = preSolution
		Debug|Any CPU = Debug|Any CPU
		Release|Any CPU = Release|Any CPU
	EndGlobalSection
	GlobalSection(ProjectConfigurationPlatforms) = postSolution
		{0E6CFAB9-F1D3-4A0D-B453-F631FDA34A22}.Debug|Any CPU.ActiveCfg = Debug|Any CPU
		{0E6CFAB9-F1D3-4A0D-B453-F631FDA34A22}.Debug|Any CPU.Build.0 = Debug|Any CPU
		{0E6CFAB9-F1D3-4A0D-B453-F631FDA34A22}.Release|Any CPU.ActiveCfg = Release|Any CPU
		{0E6CFAB9-F1D3-4A0D-B453-F631FDA34A22}.Release|Any CPU.Build.0 = Release|Any CPU
		{483F7D88-EF38-445E-9DB4-B3451CB33406}.Debug|Any CPU.ActiveCfg = Debug|Any CPU
		{483F7D88-EF38-445E-9DB4-B3451CB33406}.Debug|Any CPU.Build.0 = Debug|Any CPU
		{483F7D88-EF38-445E-9DB4-B3451CB33406}.Release|Any CPU.ActiveCfg = Release|Any CPU
		{483F7D88-EF38-445E-9DB4-B3451CB33406}.Release|Any CPU.Build.0 = Release|Any CPU
		{27C916E5-FFA8-449E-88F8-1F4D9FE2A82B}.Debug|Any CPU.ActiveCfg = Debug|Any CPU
		{27C916E5-FFA8-449E-88F8-1F4D9FE2A82B}.Debug|Any CPU.Build.0 = Debug|Any CPU
		{27C916E5-FFA8-449E-88F8-1F4D9FE2A82B}.Release|Any CPU.ActiveCfg = Release|Any CPU
		{27C916E5-FFA8-449E-88F8-1F4D9FE2A82B}.Release|Any CPU.Build.0 = Release|Any CPU
		{EC19BC34-BEFF-4D36-81CD-98DFB97D2EA7}.Debug|Any CPU.ActiveCfg = Debug|Any CPU
		{EC19BC34-BEFF-4D36-81CD-98DFB97D2EA7}.Debug|Any CPU.Build.0 = Debug|Any CPU
		{EC19BC34-BEFF-4D36-81CD-98DFB97D2EA7}.Release|Any CPU.ActiveCfg = Release|Any CPU
		{EC19BC34-BEFF-4D36-81CD-98DFB97D2EA7}.Release|Any CPU.Build.0 = Release|Any CPU
		{A51184F1-2B97-464C-A05C-925362A6F35D}.Debug|Any CPU.ActiveCfg = Debug|Any CPU
		{A51184F1-2B97-464C-A05C-925362A6F35D}.Debug|Any CPU.Build.0 = Debug|Any CPU
		{A51184F1-2B97-464C-A05C-925362A6F35D}.Release|Any CPU.ActiveCfg = Release|Any CPU
		{A51184F1-2B97-464C-A05C-925362A6F35D}.Release|Any CPU.Build.0 = Release|Any CPU
		{34CE1E13-B6E0-42AB-8BAE-22080E43B68E}.Debug|Any CPU.ActiveCfg = Debug|Any CPU
		{34CE1E13-B6E0-42AB-8BAE-22080E43B68E}.Debug|Any CPU.Build.0 = Debug|Any CPU
		{34CE1E13-B6E0-42AB-8BAE-22080E43B68E}.Release|Any CPU.ActiveCfg = Release|Any CPU
		{34CE1E13-B6E0-42AB-8BAE-22080E43B68E}.Release|Any CPU.Build.0 = Release|Any CPU
		{5566C465-6C3C-4FB9-97FA-5C6A4B4F40F7}.Debug|Any CPU.ActiveCfg = Debug|Any CPU
		{5566C465-6C3C-4FB9-97FA-5C6A4B4F40F7}.Debug|Any CPU.Build.0 = Debug|Any CPU
		{5566C465-6C3C-4FB9-97FA-5C6A4B4F40F7}.Release|Any CPU.ActiveCfg = Release|Any CPU
		{5566C465-6C3C-4FB9-97FA-5C6A4B4F40F7}.Release|Any CPU.Build.0 = Release|Any CPU
		{62310CEE-30BF-4DFA-B937-D11E3593C065}.Debug|Any CPU.ActiveCfg = Debug|Any CPU
		{62310CEE-30BF-4DFA-B937-D11E3593C065}.Debug|Any CPU.Build.0 = Debug|Any CPU
		{62310CEE-30BF-4DFA-B937-D11E3593C065}.Release|Any CPU.ActiveCfg = Release|Any CPU
		{62310CEE-30BF-4DFA-B937-D11E3593C065}.Release|Any CPU.Build.0 = Release|Any CPU
		{9A962F29-4B3D-4CBE-8774-EAF28FEE8F8B}.Debug|Any CPU.ActiveCfg = Debug|Any CPU
		{9A962F29-4B3D-4CBE-8774-EAF28FEE8F8B}.Debug|Any CPU.Build.0 = Debug|Any CPU
		{9A962F29-4B3D-4CBE-8774-EAF28FEE8F8B}.Release|Any CPU.ActiveCfg = Release|Any CPU
		{9A962F29-4B3D-4CBE-8774-EAF28FEE8F8B}.Release|Any CPU.Build.0 = Release|Any CPU
		{22F495D3-5E65-4BEB-88EA-4A115E4BDA2C}.Debug|Any CPU.ActiveCfg = Debug|Any CPU
		{22F495D3-5E65-4BEB-88EA-4A115E4BDA2C}.Debug|Any CPU.Build.0 = Debug|Any CPU
		{22F495D3-5E65-4BEB-88EA-4A115E4BDA2C}.Release|Any CPU.ActiveCfg = Release|Any CPU
		{22F495D3-5E65-4BEB-88EA-4A115E4BDA2C}.Release|Any CPU.Build.0 = Release|Any CPU
		{5810F855-949A-4D59-AE8F-6FE2A304B9EB}.Debug|Any CPU.ActiveCfg = Debug|Any CPU
		{5810F855-949A-4D59-AE8F-6FE2A304B9EB}.Debug|Any CPU.Build.0 = Debug|Any CPU
		{5810F855-949A-4D59-AE8F-6FE2A304B9EB}.Release|Any CPU.ActiveCfg = Release|Any CPU
		{5810F855-949A-4D59-AE8F-6FE2A304B9EB}.Release|Any CPU.Build.0 = Release|Any CPU
		{5BD4FFFC-BF44-4BC7-BD7D-FE76DC106750}.Debug|Any CPU.ActiveCfg = Debug|Any CPU
		{5BD4FFFC-BF44-4BC7-BD7D-FE76DC106750}.Debug|Any CPU.Build.0 = Debug|Any CPU
		{5BD4FFFC-BF44-4BC7-BD7D-FE76DC106750}.Release|Any CPU.ActiveCfg = Release|Any CPU
		{5BD4FFFC-BF44-4BC7-BD7D-FE76DC106750}.Release|Any CPU.Build.0 = Release|Any CPU
		{78027BD3-6ED3-4F31-B321-579BD65CC6AC}.Debug|Any CPU.ActiveCfg = Debug|Any CPU
		{78027BD3-6ED3-4F31-B321-579BD65CC6AC}.Debug|Any CPU.Build.0 = Debug|Any CPU
		{78027BD3-6ED3-4F31-B321-579BD65CC6AC}.Release|Any CPU.ActiveCfg = Release|Any CPU
		{78027BD3-6ED3-4F31-B321-579BD65CC6AC}.Release|Any CPU.Build.0 = Release|Any CPU
		{FAD1B528-61C8-4321-8202-9EE8E4D6CA7F}.Debug|Any CPU.ActiveCfg = Debug|Any CPU
		{FAD1B528-61C8-4321-8202-9EE8E4D6CA7F}.Debug|Any CPU.Build.0 = Debug|Any CPU
		{FAD1B528-61C8-4321-8202-9EE8E4D6CA7F}.Release|Any CPU.ActiveCfg = Release|Any CPU
		{FAD1B528-61C8-4321-8202-9EE8E4D6CA7F}.Release|Any CPU.Build.0 = Release|Any CPU
	EndGlobalSection
	GlobalSection(SolutionProperties) = preSolution
		HideSolutionNode = FALSE
	EndGlobalSection
	GlobalSection(NestedProjects) = preSolution
		{483F7D88-EF38-445E-9DB4-B3451CB33406} = {A57E5E59-3AB7-4D53-A449-D0FC9205CA29}
		{27C916E5-FFA8-449E-88F8-1F4D9FE2A82B} = {A57E5E59-3AB7-4D53-A449-D0FC9205CA29}
		{EC19BC34-BEFF-4D36-81CD-98DFB97D2EA7} = {A57E5E59-3AB7-4D53-A449-D0FC9205CA29}
		{A51184F1-2B97-464C-A05C-925362A6F35D} = {A57E5E59-3AB7-4D53-A449-D0FC9205CA29}
		{0E6CFAB9-F1D3-4A0D-B453-F631FDA34A22} = {A57E5E59-3AB7-4D53-A449-D0FC9205CA29}
		{5566C465-6C3C-4FB9-97FA-5C6A4B4F40F7} = {9312AA03-017F-4D66-B94A-EB7995D21640}
		{62310CEE-30BF-4DFA-B937-D11E3593C065} = {9312AA03-017F-4D66-B94A-EB7995D21640}
		{9A962F29-4B3D-4CBE-8774-EAF28FEE8F8B} = {9312AA03-017F-4D66-B94A-EB7995D21640}
		{22F495D3-5E65-4BEB-88EA-4A115E4BDA2C} = {9312AA03-017F-4D66-B94A-EB7995D21640}
		{5810F855-949A-4D59-AE8F-6FE2A304B9EB} = {9312AA03-017F-4D66-B94A-EB7995D21640}
		{5BD4FFFC-BF44-4BC7-BD7D-FE76DC106750} = {9312AA03-017F-4D66-B94A-EB7995D21640}
		{34CE1E13-B6E0-42AB-8BAE-22080E43B68E} = {9312AA03-017F-4D66-B94A-EB7995D21640}
		{78027BD3-6ED3-4F31-B321-579BD65CC6AC} = {E24047C5-8234-46FC-8ADE-C24708320878}
		{FAD1B528-61C8-4321-8202-9EE8E4D6CA7F} = {E24047C5-8234-46FC-8ADE-C24708320878}
	EndGlobalSection
EndGlobal
