
Microsoft Visual Studio Solution File, Format Version 12.00
# Visual Studio 14
VisualStudioVersion = 14.0.23107.0
MinimumVisualStudioVersion = 10.0.40219.1
Project("{FAE04EC0-301F-11D3-BF4B-00C04F79EFBC}") = "Tests", "Source\Tests\Tests.csproj", "{DB2C7978-B5EA-4F44-8305-8E7DA4D431F8}"
EndProject
Project("{FAE04EC0-301F-11D3-BF4B-00C04F79EFBC}") = "Fixtures", "Source\Fixtures\Fixtures.csproj", "{BAA48C0C-7B8F-4840-80C0-6638B87541CC}"
EndProject
Global
	GlobalSection(SolutionConfigurationPlatforms) = preSolution
		Debug|Any CPU = Debug|Any CPU
		Release|Any CPU = Release|Any CPU
	EndGlobalSection
	GlobalSection(ProjectConfigurationPlatforms) = postSolution
		{DB2C7978-B5EA-4F44-8305-8E7DA4D431F8}.Debug|Any CPU.ActiveCfg = Debug|Any CPU
		{DB2C7978-B5EA-4F44-8305-8E7DA4D431F8}.Debug|Any CPU.Build.0 = Debug|Any CPU
		{DB2C7978-B5EA-4F44-8305-8E7DA4D431F8}.Release|Any CPU.ActiveCfg = Release|Any CPU
		{DB2C7978-B5EA-4F44-8305-8E7DA4D431F8}.Release|Any CPU.Build.0 = Release|Any CPU
		{BAA48C0C-7B8F-4840-80C0-6638B87541CC}.Debug|Any CPU.ActiveCfg = Debug|Any CPU
		{BAA48C0C-7B8F-4840-80C0-6638B87541CC}.Debug|Any CPU.Build.0 = Debug|Any CPU
		{BAA48C0C-7B8F-4840-80C0-6638B87541CC}.Release|Any CPU.ActiveCfg = Release|Any CPU
		{BAA48C0C-7B8F-4840-80C0-6638B87541CC}.Release|Any CPU.Build.0 = Release|Any CPU
	EndGlobalSection
	GlobalSection(SolutionProperties) = preSolution
		HideSolutionNode = FALSE
	EndGlobalSection
EndGlobal
